// !$*UTF8*$!
{
	archiveVersion = 1;
	classes = {
	};
	objectVersion = 56;
	objects = {

/* Begin PBXBuildFile section */
		2127F7B52BB1BE73004D6495 /* AppDelegate.swift in Sources */ = {isa = PBXBuildFile; fileRef = 2127F7B42BB1BE73004D6495 /* AppDelegate.swift */; };
		2127F7B72BB1BE73004D6495 /* SceneDelegate.swift in Sources */ = {isa = PBXBuildFile; fileRef = 2127F7B62BB1BE73004D6495 /* SceneDelegate.swift */; };
		2127F7B92BB1BE73004D6495 /* WeatherViewController.swift in Sources */ = {isa = PBXBuildFile; fileRef = 2127F7B82BB1BE73004D6495 /* WeatherViewController.swift */; };
		2127F7BE2BB1BE75004D6495 /* Assets.xcassets in Resources */ = {isa = PBXBuildFile; fileRef = 2127F7BD2BB1BE75004D6495 /* Assets.xcassets */; };
		2127F7C12BB1BE75004D6495 /* LaunchScreen.storyboard in Resources */ = {isa = PBXBuildFile; fileRef = 2127F7BF2BB1BE75004D6495 /* LaunchScreen.storyboard */; };
		2127F7CD2BB1C1FD004D6495 /* LocationManager.swift in Sources */ = {isa = PBXBuildFile; fileRef = 2127F7CC2BB1C1FD004D6495 /* LocationManager.swift */; };
		2127F7D62BB1CB11004D6495 /* HttpMethod.swift in Sources */ = {isa = PBXBuildFile; fileRef = 2127F7D02BB1CB11004D6495 /* HttpMethod.swift */; };
		2127F7D72BB1CB11004D6495 /* CachePolicy.swift in Sources */ = {isa = PBXBuildFile; fileRef = 2127F7D12BB1CB11004D6495 /* CachePolicy.swift */; };
		2127F7D82BB1CB11004D6495 /* NetworkClient.swift in Sources */ = {isa = PBXBuildFile; fileRef = 2127F7D22BB1CB11004D6495 /* NetworkClient.swift */; };
		2127F7D92BB1CB11004D6495 /* NetworkError.swift in Sources */ = {isa = PBXBuildFile; fileRef = 2127F7D32BB1CB11004D6495 /* NetworkError.swift */; };
		2127F7DA2BB1CB11004D6495 /* NetworkRequest.swift in Sources */ = {isa = PBXBuildFile; fileRef = 2127F7D42BB1CB11004D6495 /* NetworkRequest.swift */; };
		2127F7DB2BB1CB11004D6495 /* RequestBuilder.swift in Sources */ = {isa = PBXBuildFile; fileRef = 2127F7D52BB1CB11004D6495 /* RequestBuilder.swift */; };
		2127F7E02BB1CB5D004D6495 /* DecodableNetworkResponseConverter.swift in Sources */ = {isa = PBXBuildFile; fileRef = 2127F7DC2BB1CB5D004D6495 /* DecodableNetworkResponseConverter.swift */; };
		2127F7E12BB1CB5D004D6495 /* ImageNetworkResponseConverter.swift in Sources */ = {isa = PBXBuildFile; fileRef = 2127F7DD2BB1CB5D004D6495 /* ImageNetworkResponseConverter.swift */; };
		2127F7E22BB1CB5D004D6495 /* NetworkResponseConverterOf.swift in Sources */ = {isa = PBXBuildFile; fileRef = 2127F7DE2BB1CB5D004D6495 /* NetworkResponseConverterOf.swift */; };
		2127F7E32BB1CB5D004D6495 /* NetworkResponseConverter.swift in Sources */ = {isa = PBXBuildFile; fileRef = 2127F7DF2BB1CB5D004D6495 /* NetworkResponseConverter.swift */; };
		2127F7EB2BB1CC74004D6495 /* WeatherIconResponse.swift in Sources */ = {isa = PBXBuildFile; fileRef = 2127F7E62BB1CC74004D6495 /* WeatherIconResponse.swift */; };
		2127F7EC2BB1CC74004D6495 /* WeatherIconRequest.swift in Sources */ = {isa = PBXBuildFile; fileRef = 2127F7E72BB1CC74004D6495 /* WeatherIconRequest.swift */; };
		2127F7ED2BB1CC74004D6495 /* WeatherRequest.swift in Sources */ = {isa = PBXBuildFile; fileRef = 2127F7E82BB1CC74004D6495 /* WeatherRequest.swift */; };
		2127F7EE2BB1CC74004D6495 /* WeatherResponse.swift in Sources */ = {isa = PBXBuildFile; fileRef = 2127F7E92BB1CC74004D6495 /* WeatherResponse.swift */; };
		2127F7EF2BB1CC74004D6495 /* WeatherService.swift in Sources */ = {isa = PBXBuildFile; fileRef = 2127F7EA2BB1CC74004D6495 /* WeatherService.swift */; };
		2127F7F42BB1CEC6004D6495 /* WeatherViewModel.swift in Sources */ = {isa = PBXBuildFile; fileRef = 2127F7F32BB1CEC5004D6495 /* WeatherViewModel.swift */; };
		2127F7FA2BB1D022004D6495 /* HourlyForecastCell.swift in Sources */ = {isa = PBXBuildFile; fileRef = 2127F7F62BB1D022004D6495 /* HourlyForecastCell.swift */; };
		2127F7FB2BB1D022004D6495 /* DailyForecastCell.swift in Sources */ = {isa = PBXBuildFile; fileRef = 2127F7F72BB1D022004D6495 /* DailyForecastCell.swift */; };
		2127F7FC2BB1D022004D6495 /* DailyForecastTableView.swift in Sources */ = {isa = PBXBuildFile; fileRef = 2127F7F82BB1D022004D6495 /* DailyForecastTableView.swift */; };
		2127F7FD2BB1D022004D6495 /* HourlyForecastCollectionView.swift in Sources */ = {isa = PBXBuildFile; fileRef = 2127F7F92BB1D022004D6495 /* HourlyForecastCollectionView.swift */; };
		2127F7FF2BB1F3D1004D6495 /* DailyForecastCellViewModel.swift in Sources */ = {isa = PBXBuildFile; fileRef = 2127F7FE2BB1F3D1004D6495 /* DailyForecastCellViewModel.swift */; };
		2127F8012BB1F9CF004D6495 /* HourlyForecastCellViewModel.swift in Sources */ = {isa = PBXBuildFile; fileRef = 2127F8002BB1F9CF004D6495 /* HourlyForecastCellViewModel.swift */; };
		2127F8042BB1FC17004D6495 /* SearchViewController.swift in Sources */ = {isa = PBXBuildFile; fileRef = 2127F8032BB1FC17004D6495 /* SearchViewController.swift */; };
		2127F8062BB1FD5A004D6495 /* SearchViewModel.swift in Sources */ = {isa = PBXBuildFile; fileRef = 2127F8052BB1FD5A004D6495 /* SearchViewModel.swift */; };
		2127F8082BB1FDBC004D6495 /* SearchResultsTableView.swift in Sources */ = {isa = PBXBuildFile; fileRef = 2127F8072BB1FDBC004D6495 /* SearchResultsTableView.swift */; };
		2127F80A2BB20078004D6495 /* SearchTextField.swift in Sources */ = {isa = PBXBuildFile; fileRef = 2127F8092BB20078004D6495 /* SearchTextField.swift */; };
		2127F80C2BB213D7004D6495 /* WeatherParameterView.swift in Sources */ = {isa = PBXBuildFile; fileRef = 2127F80B2BB213D7004D6495 /* WeatherParameterView.swift */; };
		2127F80E2BB214E0004D6495 /* NSLayoutContraint+pin.swift in Sources */ = {isa = PBXBuildFile; fileRef = 2127F80D2BB214E0004D6495 /* NSLayoutContraint+pin.swift */; };
		2127F8102BB21503004D6495 /* Array+prefix.swift in Sources */ = {isa = PBXBuildFile; fileRef = 2127F80F2BB21503004D6495 /* Array+prefix.swift */; };
		2127F8122BB23584004D6495 /* UIFont+design.swift in Sources */ = {isa = PBXBuildFile; fileRef = 2127F8112BB23584004D6495 /* UIFont+design.swift */; };
/* End PBXBuildFile section */

/* Begin PBXFileReference section */
		2127F7B12BB1BE73004D6495 /* WeatherForecast.app */ = {isa = PBXFileReference; explicitFileType = wrapper.application; includeInIndex = 0; path = WeatherForecast.app; sourceTree = BUILT_PRODUCTS_DIR; };
		2127F7B42BB1BE73004D6495 /* AppDelegate.swift */ = {isa = PBXFileReference; lastKnownFileType = sourcecode.swift; path = AppDelegate.swift; sourceTree = "<group>"; };
		2127F7B62BB1BE73004D6495 /* SceneDelegate.swift */ = {isa = PBXFileReference; lastKnownFileType = sourcecode.swift; path = SceneDelegate.swift; sourceTree = "<group>"; };
		2127F7B82BB1BE73004D6495 /* WeatherViewController.swift */ = {isa = PBXFileReference; lastKnownFileType = sourcecode.swift; path = WeatherViewController.swift; sourceTree = "<group>"; };
		2127F7BD2BB1BE75004D6495 /* Assets.xcassets */ = {isa = PBXFileReference; lastKnownFileType = folder.assetcatalog; path = Assets.xcassets; sourceTree = "<group>"; };
		2127F7C02BB1BE75004D6495 /* Base */ = {isa = PBXFileReference; lastKnownFileType = file.storyboard; name = Base; path = Base.lproj/LaunchScreen.storyboard; sourceTree = "<group>"; };
		2127F7C22BB1BE75004D6495 /* Info.plist */ = {isa = PBXFileReference; lastKnownFileType = text.plist.xml; path = Info.plist; sourceTree = "<group>"; };
		2127F7CC2BB1C1FD004D6495 /* LocationManager.swift */ = {isa = PBXFileReference; lastKnownFileType = sourcecode.swift; path = LocationManager.swift; sourceTree = "<group>"; };
		2127F7D02BB1CB11004D6495 /* HttpMethod.swift */ = {isa = PBXFileReference; fileEncoding = 4; lastKnownFileType = sourcecode.swift; path = HttpMethod.swift; sourceTree = "<group>"; };
		2127F7D12BB1CB11004D6495 /* CachePolicy.swift */ = {isa = PBXFileReference; fileEncoding = 4; lastKnownFileType = sourcecode.swift; path = CachePolicy.swift; sourceTree = "<group>"; };
		2127F7D22BB1CB11004D6495 /* NetworkClient.swift */ = {isa = PBXFileReference; fileEncoding = 4; lastKnownFileType = sourcecode.swift; path = NetworkClient.swift; sourceTree = "<group>"; };
		2127F7D32BB1CB11004D6495 /* NetworkError.swift */ = {isa = PBXFileReference; fileEncoding = 4; lastKnownFileType = sourcecode.swift; path = NetworkError.swift; sourceTree = "<group>"; };
		2127F7D42BB1CB11004D6495 /* NetworkRequest.swift */ = {isa = PBXFileReference; fileEncoding = 4; lastKnownFileType = sourcecode.swift; path = NetworkRequest.swift; sourceTree = "<group>"; };
		2127F7D52BB1CB11004D6495 /* RequestBuilder.swift */ = {isa = PBXFileReference; fileEncoding = 4; lastKnownFileType = sourcecode.swift; path = RequestBuilder.swift; sourceTree = "<group>"; };
		2127F7DC2BB1CB5D004D6495 /* DecodableNetworkResponseConverter.swift */ = {isa = PBXFileReference; fileEncoding = 4; lastKnownFileType = sourcecode.swift; path = DecodableNetworkResponseConverter.swift; sourceTree = "<group>"; };
		2127F7DD2BB1CB5D004D6495 /* ImageNetworkResponseConverter.swift */ = {isa = PBXFileReference; fileEncoding = 4; lastKnownFileType = sourcecode.swift; path = ImageNetworkResponseConverter.swift; sourceTree = "<group>"; };
		2127F7DE2BB1CB5D004D6495 /* NetworkResponseConverterOf.swift */ = {isa = PBXFileReference; fileEncoding = 4; lastKnownFileType = sourcecode.swift; path = NetworkResponseConverterOf.swift; sourceTree = "<group>"; };
		2127F7DF2BB1CB5D004D6495 /* NetworkResponseConverter.swift */ = {isa = PBXFileReference; fileEncoding = 4; lastKnownFileType = sourcecode.swift; path = NetworkResponseConverter.swift; sourceTree = "<group>"; };
		2127F7E62BB1CC74004D6495 /* WeatherIconResponse.swift */ = {isa = PBXFileReference; fileEncoding = 4; lastKnownFileType = sourcecode.swift; path = WeatherIconResponse.swift; sourceTree = "<group>"; };
		2127F7E72BB1CC74004D6495 /* WeatherIconRequest.swift */ = {isa = PBXFileReference; fileEncoding = 4; lastKnownFileType = sourcecode.swift; path = WeatherIconRequest.swift; sourceTree = "<group>"; };
		2127F7E82BB1CC74004D6495 /* WeatherRequest.swift */ = {isa = PBXFileReference; fileEncoding = 4; lastKnownFileType = sourcecode.swift; path = WeatherRequest.swift; sourceTree = "<group>"; };
		2127F7E92BB1CC74004D6495 /* WeatherResponse.swift */ = {isa = PBXFileReference; fileEncoding = 4; lastKnownFileType = sourcecode.swift; path = WeatherResponse.swift; sourceTree = "<group>"; };
		2127F7EA2BB1CC74004D6495 /* WeatherService.swift */ = {isa = PBXFileReference; fileEncoding = 4; lastKnownFileType = sourcecode.swift; path = WeatherService.swift; sourceTree = "<group>"; };
		2127F7F32BB1CEC5004D6495 /* WeatherViewModel.swift */ = {isa = PBXFileReference; lastKnownFileType = sourcecode.swift; path = WeatherViewModel.swift; sourceTree = "<group>"; };
		2127F7F62BB1D022004D6495 /* HourlyForecastCell.swift */ = {isa = PBXFileReference; fileEncoding = 4; lastKnownFileType = sourcecode.swift; path = HourlyForecastCell.swift; sourceTree = "<group>"; };
		2127F7F72BB1D022004D6495 /* DailyForecastCell.swift */ = {isa = PBXFileReference; fileEncoding = 4; lastKnownFileType = sourcecode.swift; path = DailyForecastCell.swift; sourceTree = "<group>"; };
		2127F7F82BB1D022004D6495 /* DailyForecastTableView.swift */ = {isa = PBXFileReference; fileEncoding = 4; lastKnownFileType = sourcecode.swift; path = DailyForecastTableView.swift; sourceTree = "<group>"; };
		2127F7F92BB1D022004D6495 /* HourlyForecastCollectionView.swift */ = {isa = PBXFileReference; fileEncoding = 4; lastKnownFileType = sourcecode.swift; path = HourlyForecastCollectionView.swift; sourceTree = "<group>"; };
		2127F7FE2BB1F3D1004D6495 /* DailyForecastCellViewModel.swift */ = {isa = PBXFileReference; lastKnownFileType = sourcecode.swift; path = DailyForecastCellViewModel.swift; sourceTree = "<group>"; };
		2127F8002BB1F9CF004D6495 /* HourlyForecastCellViewModel.swift */ = {isa = PBXFileReference; lastKnownFileType = sourcecode.swift; path = HourlyForecastCellViewModel.swift; sourceTree = "<group>"; };
		2127F8032BB1FC17004D6495 /* SearchViewController.swift */ = {isa = PBXFileReference; lastKnownFileType = sourcecode.swift; path = SearchViewController.swift; sourceTree = "<group>"; };
		2127F8052BB1FD5A004D6495 /* SearchViewModel.swift */ = {isa = PBXFileReference; lastKnownFileType = sourcecode.swift; path = SearchViewModel.swift; sourceTree = "<group>"; };
		2127F8072BB1FDBC004D6495 /* SearchResultsTableView.swift */ = {isa = PBXFileReference; lastKnownFileType = sourcecode.swift; path = SearchResultsTableView.swift; sourceTree = "<group>"; };
		2127F8092BB20078004D6495 /* SearchTextField.swift */ = {isa = PBXFileReference; lastKnownFileType = sourcecode.swift; path = SearchTextField.swift; sourceTree = "<group>"; };
		2127F80B2BB213D7004D6495 /* WeatherParameterView.swift */ = {isa = PBXFileReference; lastKnownFileType = sourcecode.swift; path = WeatherParameterView.swift; sourceTree = "<group>"; };
		2127F80D2BB214E0004D6495 /* NSLayoutContraint+pin.swift */ = {isa = PBXFileReference; lastKnownFileType = sourcecode.swift; path = "NSLayoutContraint+pin.swift"; sourceTree = "<group>"; };
		2127F80F2BB21503004D6495 /* Array+prefix.swift */ = {isa = PBXFileReference; lastKnownFileType = sourcecode.swift; path = "Array+prefix.swift"; sourceTree = "<group>"; };
		2127F8112BB23584004D6495 /* UIFont+design.swift */ = {isa = PBXFileReference; lastKnownFileType = sourcecode.swift; path = "UIFont+design.swift"; sourceTree = "<group>"; };
/* End PBXFileReference section */

/* Begin PBXFrameworksBuildPhase section */
		2127F7AE2BB1BE73004D6495 /* Frameworks */ = {
			isa = PBXFrameworksBuildPhase;
			buildActionMask = 2147483647;
			files = (
			);
			runOnlyForDeploymentPostprocessing = 0;
		};
/* End PBXFrameworksBuildPhase section */

/* Begin PBXGroup section */
		2127F7A82BB1BE73004D6495 = {
			isa = PBXGroup;
			children = (
				2127F7B32BB1BE73004D6495 /* WeatherForecast */,
				2127F7B22BB1BE73004D6495 /* Products */,
			);
			sourceTree = "<group>";
		};
		2127F7B22BB1BE73004D6495 /* Products */ = {
			isa = PBXGroup;
			children = (
				2127F7B12BB1BE73004D6495 /* WeatherForecast.app */,
			);
			name = Products;
			sourceTree = "<group>";
		};
		2127F7B32BB1BE73004D6495 /* WeatherForecast */ = {
			isa = PBXGroup;
			children = (
				2127F8022BB1FC02004D6495 /* SearchScreen */,
				2127F7F52BB1CFCF004D6495 /* WeatherScreen */,
				2127F7C92BB1C08C004D6495 /* App */,
				2127F7CF2BB1CAB6004D6495 /* Networking */,
				2127F7E52BB1CC57004D6495 /* Services */,
				2127F7CE2BB1CA97004D6495 /* Location */,
				2127F7CA2BB1C0A1004D6495 /* Resources */,
				2127F7CB2BB1C0AC004D6495 /* SupportingFiles */,
				2127F80D2BB214E0004D6495 /* NSLayoutContraint+pin.swift */,
				2127F80F2BB21503004D6495 /* Array+prefix.swift */,
				2127F8112BB23584004D6495 /* UIFont+design.swift */,
			);
			path = WeatherForecast;
			sourceTree = "<group>";
		};
		2127F7C92BB1C08C004D6495 /* App */ = {
			isa = PBXGroup;
			children = (
				2127F7B42BB1BE73004D6495 /* AppDelegate.swift */,
				2127F7B62BB1BE73004D6495 /* SceneDelegate.swift */,
			);
			path = App;
			sourceTree = "<group>";
		};
		2127F7CA2BB1C0A1004D6495 /* Resources */ = {
			isa = PBXGroup;
			children = (
				2127F7BD2BB1BE75004D6495 /* Assets.xcassets */,
			);
			path = Resources;
			sourceTree = "<group>";
		};
		2127F7CB2BB1C0AC004D6495 /* SupportingFiles */ = {
			isa = PBXGroup;
			children = (
				2127F7C22BB1BE75004D6495 /* Info.plist */,
				2127F7BF2BB1BE75004D6495 /* LaunchScreen.storyboard */,
			);
			path = SupportingFiles;
			sourceTree = "<group>";
		};
		2127F7CE2BB1CA97004D6495 /* Location */ = {
			isa = PBXGroup;
			children = (
				2127F7CC2BB1C1FD004D6495 /* LocationManager.swift */,
			);
			path = Location;
			sourceTree = "<group>";
		};
		2127F7CF2BB1CAB6004D6495 /* Networking */ = {
			isa = PBXGroup;
			children = (
				2127F7E42BB1CB63004D6495 /* ResponseConverter */,
				2127F7D12BB1CB11004D6495 /* CachePolicy.swift */,
				2127F7D02BB1CB11004D6495 /* HttpMethod.swift */,
				2127F7D22BB1CB11004D6495 /* NetworkClient.swift */,
				2127F7D32BB1CB11004D6495 /* NetworkError.swift */,
				2127F7D42BB1CB11004D6495 /* NetworkRequest.swift */,
				2127F7D52BB1CB11004D6495 /* RequestBuilder.swift */,
			);
			path = Networking;
			sourceTree = "<group>";
		};
		2127F7E42BB1CB63004D6495 /* ResponseConverter */ = {
			isa = PBXGroup;
			children = (
				2127F7DC2BB1CB5D004D6495 /* DecodableNetworkResponseConverter.swift */,
				2127F7DD2BB1CB5D004D6495 /* ImageNetworkResponseConverter.swift */,
				2127F7DF2BB1CB5D004D6495 /* NetworkResponseConverter.swift */,
				2127F7DE2BB1CB5D004D6495 /* NetworkResponseConverterOf.swift */,
			);
			path = ResponseConverter;
			sourceTree = "<group>";
		};
		2127F7E52BB1CC57004D6495 /* Services */ = {
			isa = PBXGroup;
			children = (
				2127F7EA2BB1CC74004D6495 /* WeatherService.swift */,
				2127F7F22BB1CE49004D6495 /* WeatherIconRequest */,
				2127F7F02BB1CE2B004D6495 /* WeatherRequest */,
			);
			path = Services;
			sourceTree = "<group>";
		};
		2127F7F02BB1CE2B004D6495 /* WeatherRequest */ = {
			isa = PBXGroup;
			children = (
				2127F7E82BB1CC74004D6495 /* WeatherRequest.swift */,
				2127F7E92BB1CC74004D6495 /* WeatherResponse.swift */,
			);
			path = WeatherRequest;
			sourceTree = "<group>";
		};
		2127F7F22BB1CE49004D6495 /* WeatherIconRequest */ = {
			isa = PBXGroup;
			children = (
				2127F7E72BB1CC74004D6495 /* WeatherIconRequest.swift */,
				2127F7E62BB1CC74004D6495 /* WeatherIconResponse.swift */,
			);
			path = WeatherIconRequest;
			sourceTree = "<group>";
		};
		2127F7F52BB1CFCF004D6495 /* WeatherScreen */ = {
			isa = PBXGroup;
			children = (
				2127F7F32BB1CEC5004D6495 /* WeatherViewModel.swift */,
				2127F7F72BB1D022004D6495 /* DailyForecastCell.swift */,
				2127F7F82BB1D022004D6495 /* DailyForecastTableView.swift */,
				2127F7F62BB1D022004D6495 /* HourlyForecastCell.swift */,
				2127F7F92BB1D022004D6495 /* HourlyForecastCollectionView.swift */,
				2127F7B82BB1BE73004D6495 /* WeatherViewController.swift */,
				2127F7FE2BB1F3D1004D6495 /* DailyForecastCellViewModel.swift */,
				2127F8002BB1F9CF004D6495 /* HourlyForecastCellViewModel.swift */,
				2127F80B2BB213D7004D6495 /* WeatherParameterView.swift */,
			);
			path = WeatherScreen;
			sourceTree = "<group>";
		};
		2127F8022BB1FC02004D6495 /* SearchScreen */ = {
			isa = PBXGroup;
			children = (
				2127F8032BB1FC17004D6495 /* SearchViewController.swift */,
				2127F8052BB1FD5A004D6495 /* SearchViewModel.swift */,
				2127F8072BB1FDBC004D6495 /* SearchResultsTableView.swift */,
				2127F8092BB20078004D6495 /* SearchTextField.swift */,
			);
			path = SearchScreen;
			sourceTree = "<group>";
		};
/* End PBXGroup section */

/* Begin PBXNativeTarget section */
		2127F7B02BB1BE73004D6495 /* WeatherForecast */ = {
			isa = PBXNativeTarget;
			buildConfigurationList = 2127F7C52BB1BE75004D6495 /* Build configuration list for PBXNativeTarget "WeatherForecast" */;
			buildPhases = (
				2127F7AD2BB1BE73004D6495 /* Sources */,
				2127F7AE2BB1BE73004D6495 /* Frameworks */,
				2127F7AF2BB1BE73004D6495 /* Resources */,
				2127F7C82BB1BF2A004D6495 /* SwiftLint */,
			);
			buildRules = (
			);
			dependencies = (
			);
			name = WeatherForecast;
			productName = WeatherForecast;
			productReference = 2127F7B12BB1BE73004D6495 /* WeatherForecast.app */;
			productType = "com.apple.product-type.application";
		};
/* End PBXNativeTarget section */

/* Begin PBXProject section */
		2127F7A92BB1BE73004D6495 /* Project object */ = {
			isa = PBXProject;
			attributes = {
				BuildIndependentTargetsInParallel = 1;
				LastSwiftUpdateCheck = 1520;
				LastUpgradeCheck = 1520;
				TargetAttributes = {
					2127F7B02BB1BE73004D6495 = {
						CreatedOnToolsVersion = 15.2;
					};
				};
			};
			buildConfigurationList = 2127F7AC2BB1BE73004D6495 /* Build configuration list for PBXProject "WeatherForecast" */;
			compatibilityVersion = "Xcode 14.0";
			developmentRegion = en;
			hasScannedForEncodings = 0;
			knownRegions = (
				en,
				Base,
			);
			mainGroup = 2127F7A82BB1BE73004D6495;
			productRefGroup = 2127F7B22BB1BE73004D6495 /* Products */;
			projectDirPath = "";
			projectRoot = "";
			targets = (
				2127F7B02BB1BE73004D6495 /* WeatherForecast */,
			);
		};
/* End PBXProject section */

/* Begin PBXResourcesBuildPhase section */
		2127F7AF2BB1BE73004D6495 /* Resources */ = {
			isa = PBXResourcesBuildPhase;
			buildActionMask = 2147483647;
			files = (
				2127F7C12BB1BE75004D6495 /* LaunchScreen.storyboard in Resources */,
				2127F7BE2BB1BE75004D6495 /* Assets.xcassets in Resources */,
			);
			runOnlyForDeploymentPostprocessing = 0;
		};
/* End PBXResourcesBuildPhase section */

/* Begin PBXShellScriptBuildPhase section */
		2127F7C82BB1BF2A004D6495 /* SwiftLint */ = {
			isa = PBXShellScriptBuildPhase;
			alwaysOutOfDate = 1;
			buildActionMask = 2147483647;
			files = (
			);
			inputFileListPaths = (
			);
			inputPaths = (
			);
			name = SwiftLint;
			outputFileListPaths = (
			);
			outputPaths = (
			);
			runOnlyForDeploymentPostprocessing = 0;
			shellPath = /bin/sh;
			shellScript = "if [[ \"$(uname -m)\" == arm64 ]]; then\n    export PATH=\"/opt/homebrew/bin:$PATH\"\nfi\n\nif which swiftlint > /dev/null; then\n  swiftlint\nelse\n  echo \"warning: SwiftLint not installed, download from https://github.com/realm/SwiftLint\"\nfi\n";
			showEnvVarsInLog = 0;
		};
/* End PBXShellScriptBuildPhase section */

/* Begin PBXSourcesBuildPhase section */
		2127F7AD2BB1BE73004D6495 /* Sources */ = {
			isa = PBXSourcesBuildPhase;
			buildActionMask = 2147483647;
			files = (
				2127F8012BB1F9CF004D6495 /* HourlyForecastCellViewModel.swift in Sources */,
				2127F7E02BB1CB5D004D6495 /* DecodableNetworkResponseConverter.swift in Sources */,
				2127F7CD2BB1C1FD004D6495 /* LocationManager.swift in Sources */,
				2127F8042BB1FC17004D6495 /* SearchViewController.swift in Sources */,
				2127F8082BB1FDBC004D6495 /* SearchResultsTableView.swift in Sources */,
				2127F80A2BB20078004D6495 /* SearchTextField.swift in Sources */,
				2127F7D92BB1CB11004D6495 /* NetworkError.swift in Sources */,
				2127F7B92BB1BE73004D6495 /* WeatherViewController.swift in Sources */,
				2127F7D72BB1CB11004D6495 /* CachePolicy.swift in Sources */,
				2127F7FC2BB1D022004D6495 /* DailyForecastTableView.swift in Sources */,
				2127F7F42BB1CEC6004D6495 /* WeatherViewModel.swift in Sources */,
				2127F7FB2BB1D022004D6495 /* DailyForecastCell.swift in Sources */,
				2127F7EC2BB1CC74004D6495 /* WeatherIconRequest.swift in Sources */,
				2127F7D62BB1CB11004D6495 /* HttpMethod.swift in Sources */,
				2127F8122BB23584004D6495 /* UIFont+design.swift in Sources */,
				2127F7EE2BB1CC74004D6495 /* WeatherResponse.swift in Sources */,
				2127F7ED2BB1CC74004D6495 /* WeatherRequest.swift in Sources */,
				2127F7E12BB1CB5D004D6495 /* ImageNetworkResponseConverter.swift in Sources */,
				2127F7DB2BB1CB11004D6495 /* RequestBuilder.swift in Sources */,
				2127F7FD2BB1D022004D6495 /* HourlyForecastCollectionView.swift in Sources */,
				2127F7EF2BB1CC74004D6495 /* WeatherService.swift in Sources */,
				2127F7D82BB1CB11004D6495 /* NetworkClient.swift in Sources */,
				2127F7EB2BB1CC74004D6495 /* WeatherIconResponse.swift in Sources */,
				2127F7E22BB1CB5D004D6495 /* NetworkResponseConverterOf.swift in Sources */,
				2127F7FF2BB1F3D1004D6495 /* DailyForecastCellViewModel.swift in Sources */,
				2127F8062BB1FD5A004D6495 /* SearchViewModel.swift in Sources */,
				2127F80E2BB214E0004D6495 /* NSLayoutContraint+pin.swift in Sources */,
				2127F7B52BB1BE73004D6495 /* AppDelegate.swift in Sources */,
				2127F7FA2BB1D022004D6495 /* HourlyForecastCell.swift in Sources */,
				2127F7DA2BB1CB11004D6495 /* NetworkRequest.swift in Sources */,
				2127F8102BB21503004D6495 /* Array+prefix.swift in Sources */,
				2127F80C2BB213D7004D6495 /* WeatherParameterView.swift in Sources */,
				2127F7E32BB1CB5D004D6495 /* NetworkResponseConverter.swift in Sources */,
				2127F7B72BB1BE73004D6495 /* SceneDelegate.swift in Sources */,
			);
			runOnlyForDeploymentPostprocessing = 0;
		};
/* End PBXSourcesBuildPhase section */

/* Begin PBXVariantGroup section */
		2127F7BF2BB1BE75004D6495 /* LaunchScreen.storyboard */ = {
			isa = PBXVariantGroup;
			children = (
				2127F7C02BB1BE75004D6495 /* Base */,
			);
			name = LaunchScreen.storyboard;
			sourceTree = "<group>";
		};
/* End PBXVariantGroup section */

/* Begin XCBuildConfiguration section */
		2127F7C32BB1BE75004D6495 /* Debug */ = {
			isa = XCBuildConfiguration;
			buildSettings = {
				ALWAYS_SEARCH_USER_PATHS = NO;
				ASSETCATALOG_COMPILER_GENERATE_SWIFT_ASSET_SYMBOL_EXTENSIONS = YES;
				CLANG_ANALYZER_NONNULL = YES;
				CLANG_ANALYZER_NUMBER_OBJECT_CONVERSION = YES_AGGRESSIVE;
				CLANG_CXX_LANGUAGE_STANDARD = "gnu++20";
				CLANG_ENABLE_MODULES = YES;
				CLANG_ENABLE_OBJC_ARC = YES;
				CLANG_ENABLE_OBJC_WEAK = YES;
				CLANG_WARN_BLOCK_CAPTURE_AUTORELEASING = YES;
				CLANG_WARN_BOOL_CONVERSION = YES;
				CLANG_WARN_COMMA = YES;
				CLANG_WARN_CONSTANT_CONVERSION = YES;
				CLANG_WARN_DEPRECATED_OBJC_IMPLEMENTATIONS = YES;
				CLANG_WARN_DIRECT_OBJC_ISA_USAGE = YES_ERROR;
				CLANG_WARN_DOCUMENTATION_COMMENTS = YES;
				CLANG_WARN_EMPTY_BODY = YES;
				CLANG_WARN_ENUM_CONVERSION = YES;
				CLANG_WARN_INFINITE_RECURSION = YES;
				CLANG_WARN_INT_CONVERSION = YES;
				CLANG_WARN_NON_LITERAL_NULL_CONVERSION = YES;
				CLANG_WARN_OBJC_IMPLICIT_RETAIN_SELF = YES;
				CLANG_WARN_OBJC_LITERAL_CONVERSION = YES;
				CLANG_WARN_OBJC_ROOT_CLASS = YES_ERROR;
				CLANG_WARN_QUOTED_INCLUDE_IN_FRAMEWORK_HEADER = YES;
				CLANG_WARN_RANGE_LOOP_ANALYSIS = YES;
				CLANG_WARN_STRICT_PROTOTYPES = YES;
				CLANG_WARN_SUSPICIOUS_MOVE = YES;
				CLANG_WARN_UNGUARDED_AVAILABILITY = YES_AGGRESSIVE;
				CLANG_WARN_UNREACHABLE_CODE = YES;
				CLANG_WARN__DUPLICATE_METHOD_MATCH = YES;
				COPY_PHASE_STRIP = NO;
				DEBUG_INFORMATION_FORMAT = dwarf;
				ENABLE_STRICT_OBJC_MSGSEND = YES;
				ENABLE_TESTABILITY = YES;
				ENABLE_USER_SCRIPT_SANDBOXING = NO;
				GCC_C_LANGUAGE_STANDARD = gnu17;
				GCC_DYNAMIC_NO_PIC = NO;
				GCC_NO_COMMON_BLOCKS = YES;
				GCC_OPTIMIZATION_LEVEL = 0;
				GCC_PREPROCESSOR_DEFINITIONS = (
					"DEBUG=1",
					"$(inherited)",
				);
				GCC_WARN_64_TO_32_BIT_CONVERSION = YES;
				GCC_WARN_ABOUT_RETURN_TYPE = YES_ERROR;
				GCC_WARN_UNDECLARED_SELECTOR = YES;
				GCC_WARN_UNINITIALIZED_AUTOS = YES_AGGRESSIVE;
				GCC_WARN_UNUSED_FUNCTION = YES;
				GCC_WARN_UNUSED_VARIABLE = YES;
				IPHONEOS_DEPLOYMENT_TARGET = 16.0;
				LOCALIZATION_PREFERS_STRING_CATALOGS = YES;
				MTL_ENABLE_DEBUG_INFO = INCLUDE_SOURCE;
				MTL_FAST_MATH = YES;
				ONLY_ACTIVE_ARCH = YES;
				SDKROOT = iphoneos;
				SWIFT_ACTIVE_COMPILATION_CONDITIONS = "DEBUG $(inherited)";
				SWIFT_OPTIMIZATION_LEVEL = "-Onone";
				SWIFT_STRICT_CONCURRENCY = complete;
			};
			name = Debug;
		};
		2127F7C42BB1BE75004D6495 /* Release */ = {
			isa = XCBuildConfiguration;
			buildSettings = {
				ALWAYS_SEARCH_USER_PATHS = NO;
				ASSETCATALOG_COMPILER_GENERATE_SWIFT_ASSET_SYMBOL_EXTENSIONS = YES;
				CLANG_ANALYZER_NONNULL = YES;
				CLANG_ANALYZER_NUMBER_OBJECT_CONVERSION = YES_AGGRESSIVE;
				CLANG_CXX_LANGUAGE_STANDARD = "gnu++20";
				CLANG_ENABLE_MODULES = YES;
				CLANG_ENABLE_OBJC_ARC = YES;
				CLANG_ENABLE_OBJC_WEAK = YES;
				CLANG_WARN_BLOCK_CAPTURE_AUTORELEASING = YES;
				CLANG_WARN_BOOL_CONVERSION = YES;
				CLANG_WARN_COMMA = YES;
				CLANG_WARN_CONSTANT_CONVERSION = YES;
				CLANG_WARN_DEPRECATED_OBJC_IMPLEMENTATIONS = YES;
				CLANG_WARN_DIRECT_OBJC_ISA_USAGE = YES_ERROR;
				CLANG_WARN_DOCUMENTATION_COMMENTS = YES;
				CLANG_WARN_EMPTY_BODY = YES;
				CLANG_WARN_ENUM_CONVERSION = YES;
				CLANG_WARN_INFINITE_RECURSION = YES;
				CLANG_WARN_INT_CONVERSION = YES;
				CLANG_WARN_NON_LITERAL_NULL_CONVERSION = YES;
				CLANG_WARN_OBJC_IMPLICIT_RETAIN_SELF = YES;
				CLANG_WARN_OBJC_LITERAL_CONVERSION = YES;
				CLANG_WARN_OBJC_ROOT_CLASS = YES_ERROR;
				CLANG_WARN_QUOTED_INCLUDE_IN_FRAMEWORK_HEADER = YES;
				CLANG_WARN_RANGE_LOOP_ANALYSIS = YES;
				CLANG_WARN_STRICT_PROTOTYPES = YES;
				CLANG_WARN_SUSPICIOUS_MOVE = YES;
				CLANG_WARN_UNGUARDED_AVAILABILITY = YES_AGGRESSIVE;
				CLANG_WARN_UNREACHABLE_CODE = YES;
				CLANG_WARN__DUPLICATE_METHOD_MATCH = YES;
				COPY_PHASE_STRIP = NO;
				DEBUG_INFORMATION_FORMAT = "dwarf-with-dsym";
				ENABLE_NS_ASSERTIONS = NO;
				ENABLE_STRICT_OBJC_MSGSEND = YES;
				ENABLE_USER_SCRIPT_SANDBOXING = NO;
				GCC_C_LANGUAGE_STANDARD = gnu17;
				GCC_NO_COMMON_BLOCKS = YES;
				GCC_WARN_64_TO_32_BIT_CONVERSION = YES;
				GCC_WARN_ABOUT_RETURN_TYPE = YES_ERROR;
				GCC_WARN_UNDECLARED_SELECTOR = YES;
				GCC_WARN_UNINITIALIZED_AUTOS = YES_AGGRESSIVE;
				GCC_WARN_UNUSED_FUNCTION = YES;
				GCC_WARN_UNUSED_VARIABLE = YES;
				IPHONEOS_DEPLOYMENT_TARGET = 16.0;
				LOCALIZATION_PREFERS_STRING_CATALOGS = YES;
				MTL_ENABLE_DEBUG_INFO = NO;
				MTL_FAST_MATH = YES;
				SDKROOT = iphoneos;
				SWIFT_COMPILATION_MODE = wholemodule;
				SWIFT_STRICT_CONCURRENCY = complete;
				VALIDATE_PRODUCT = YES;
			};
			name = Release;
		};
		2127F7C62BB1BE75004D6495 /* Debug */ = {
			isa = XCBuildConfiguration;
			buildSettings = {
				ASSETCATALOG_COMPILER_APPICON_NAME = AppIcon;
				ASSETCATALOG_COMPILER_GLOBAL_ACCENT_COLOR_NAME = AccentColor;
				CODE_SIGN_STYLE = Automatic;
				CURRENT_PROJECT_VERSION = 1;
				GENERATE_INFOPLIST_FILE = YES;
				INFOPLIST_FILE = WeatherForecast/SupportingFiles/Info.plist;
				INFOPLIST_KEY_UIApplicationSupportsIndirectInputEvents = YES;
				INFOPLIST_KEY_UILaunchStoryboardName = LaunchScreen;
				INFOPLIST_KEY_UISupportedInterfaceOrientations = UIInterfaceOrientationPortrait;
				INFOPLIST_KEY_UISupportedInterfaceOrientations_iPad = "UIInterfaceOrientationPortrait UIInterfaceOrientationPortraitUpsideDown";
				IPHONEOS_DEPLOYMENT_TARGET = 16.0;
				LD_RUNPATH_SEARCH_PATHS = (
					"$(inherited)",
					"@executable_path/Frameworks",
				);
				MARKETING_VERSION = 1.0;
				PRODUCT_BUNDLE_IDENTIFIER = com.vlad.WeatherForecast;
				PRODUCT_NAME = "$(TARGET_NAME)";
				SWIFT_EMIT_LOC_STRINGS = YES;
				SWIFT_VERSION = 5.0;
				TARGETED_DEVICE_FAMILY = "1,2";
			};
			name = Debug;
		};
		2127F7C72BB1BE75004D6495 /* Release */ = {
			isa = XCBuildConfiguration;
			buildSettings = {
				ASSETCATALOG_COMPILER_APPICON_NAME = AppIcon;
				ASSETCATALOG_COMPILER_GLOBAL_ACCENT_COLOR_NAME = AccentColor;
				CODE_SIGN_STYLE = Automatic;
				CURRENT_PROJECT_VERSION = 1;
				GENERATE_INFOPLIST_FILE = YES;
				INFOPLIST_FILE = WeatherForecast/SupportingFiles/Info.plist;
				INFOPLIST_KEY_UIApplicationSupportsIndirectInputEvents = YES;
				INFOPLIST_KEY_UILaunchStoryboardName = LaunchScreen;
				INFOPLIST_KEY_UISupportedInterfaceOrientations = UIInterfaceOrientationPortrait;
				INFOPLIST_KEY_UISupportedInterfaceOrientations_iPad = "UIInterfaceOrientationPortrait UIInterfaceOrientationPortraitUpsideDown";
				IPHONEOS_DEPLOYMENT_TARGET = 16.0;
				LD_RUNPATH_SEARCH_PATHS = (
					"$(inherited)",
					"@executable_path/Frameworks",
				);
				MARKETING_VERSION = 1.0;
				PRODUCT_BUNDLE_IDENTIFIER = com.vlad.WeatherForecast;
				PRODUCT_NAME = "$(TARGET_NAME)";
				SWIFT_EMIT_LOC_STRINGS = YES;
				SWIFT_VERSION = 5.0;
				TARGETED_DEVICE_FAMILY = "1,2";
			};
			name = Release;
		};
/* End XCBuildConfiguration section */

/* Begin XCConfigurationList section */
		2127F7AC2BB1BE73004D6495 /* Build configuration list for PBXProject "WeatherForecast" */ = {
			isa = XCConfigurationList;
			buildConfigurations = (
				2127F7C32BB1BE75004D6495 /* Debug */,
				2127F7C42BB1BE75004D6495 /* Release */,
			);
			defaultConfigurationIsVisible = 0;
			defaultConfigurationName = Release;
		};
		2127F7C52BB1BE75004D6495 /* Build configuration list for PBXNativeTarget "WeatherForecast" */ = {
			isa = XCConfigurationList;
			buildConfigurations = (
				2127F7C62BB1BE75004D6495 /* Debug */,
				2127F7C72BB1BE75004D6495 /* Release */,
			);
			defaultConfigurationIsVisible = 0;
			defaultConfigurationName = Release;
		};
/* End XCConfigurationList section */
	};
	rootObject = 2127F7A92BB1BE73004D6495 /* Project object */;
}
